{
    "_meta": {
        "hash": {
            "sha256": "d5135daef254bf0ce55f8c96c876695d22ba0861828722ac4bd882d57feafb07"
        },
        "pipfile-spec": 6,
        "requires": {
            "python_version": "3.12"
        },
        "sources": [
            {
                "name": "pypi",
                "url": "https://pypi.org/simple",
                "verify_ssl": true
            }
        ]
    },
    "default": {
        "foxglove-sdk": {
            "hashes": [
                "sha256:027ab7607a8e7679f67e26a8b0cab3c35ef347dceeb31d51ac5c191d5cf91b34",
                "sha256:035293c2637b531b7f5cd493d3de81b256c608005ac446c4120e7f3b807c74b1",
                "sha256:0572ff386c9f1a293c61bd1c3fcb84052ef8338131599b4feb862e2ea03a1f30",
                "sha256:0af5c6adb199e35b5de8cdaa35aa585f4e381c74b4c88226d4316b5b466ec0f5",
                "sha256:0f34b7b153fbaa87cf584eac1ca3ebfc02451665ba1b80548e98a10f939c8755",
                "sha256:0f67efc416b7a60048f378d29af04d9827fdaffa4f0afc648ffdf92644803d38",
                "sha256:15524b1a32694300361d40c6e81cdc3798dc6f323abe660fa95952aab206f97b",
                "sha256:161fd32c5ccffd6a519df82edcb8a17f738fb42c9b871ea356a9f6f33962cac7",
                "sha256:16faa14da2421f8df08f640c8e2f8d76c205d50fe421a1512773ca9d4b170afa",
                "sha256:1875eee787348683e719429899f7a00f270915d4c87835abd2571a57a0ba172b",
                "sha256:1a956084570aa37521daa5a2461a84b73c5e7044c053c0a8f4968bd1965df936",
                "sha256:20f5d524d4990b4a0a488faab2d3e515c8bd9f641774605a43068a192959ecea",
                "sha256:21a9ef42c1492ad683af3fa523c5a4ce3cfd489a3e5d9c72d60a3f3794d68ecb",
                "sha256:29ad040846b02c0ff1df6f892deb398cf69e693474c904f3b2ce02b871af9817",
                "sha256:2f37900ac9c4eebce4d5082f64d955a54057ee0632fdb5956febd9986e8ecffc",
                "sha256:30c17ab5f56e21e57887ca8e1f810b9d384583108f0de745a25e4e153bfbe72e",
                "sha256:31bb38a4ca912ec6a0bcf5be5f36c8225313c431ac93220d91f71827440c9062",
                "sha256:334b87871c6792f9af70cbc6c3973b7e8623c7f54584ad7798d661fa3dc0de5e",
                "sha256:34fa1e7f18dd90ae648c3798226795db0ac6a8ac4e6676f91b40bf2004c5dd6c",
                "sha256:35fc7b7da4d332d16ccf0b6e76b707e84da850ebcfeccc96fbf2b90050a08782",
                "sha256:36bd584d82a9a1671c112385ce8df85593bfd98c836adf55605262a49e7ef296",
                "sha256:3c508f0950f8b693bc8ded1e0196df9e59de2f31c9dbcef934d47120fbbe02df",
                "sha256:3fc7d671d6427acf0191b268c86dc04bea41f341fcd80d800c07359b9f3d7df8",
                "sha256:4315055b735816c80393e6d0da630e9a4e34d3695a431b00b1013b92b287913b",
                "sha256:431c722752601b87b1e1311ae35b2f4012fecde91741e11bed14898d0b5f606e",
                "sha256:445dbfcd55ac6ecdaacbbd7c868fb309d2317fc7a38781708fdf6e340666a7c3",
                "sha256:44a7ba58aa8a697be35528dfbd2f5f2b29bd87f4bf050cafc01145e98c0d3dc0",
                "sha256:44ec54994029629ded9a53b1eed40c2f9efd78e12dad6e65b0fe0b133742a79a",
                "sha256:46186b7f0b4e573fa085b55a903842bb29ae5909f3dcff4e423f5d4396c5c6f2",
                "sha256:487b97eabd806549d25c2593186c465cca78814dfebf6bfc9be9f97d5b61f1d8",
                "sha256:4fb62654bdad3c2466f2bb68a74a1d3569ca94faa653960b78e4b838a65a26ef",
                "sha256:50e723c320f057f4c5ffb637cb6e161aaa8f5d1562204a091095a8572858119d",
                "sha256:51ba75d671756879960ca56de1727bd1d0a8826e804a4fab991fc7208fe5431a",
                "sha256:55eb74dec5bea6aadc0918e3dc85971842a47bfaa4aa0f9b4319b7da5b5c8688",
                "sha256:587e769a9d9606b0318b26a981c493f4ef178133d837c5a1570c5ee2c25125aa",
                "sha256:597f44c5b26890ed74bcd40539ef011a70eb6f6bebafdfa9f2580f5384a951cd",
                "sha256:59e48caab42178c5922b958b6b17244f628a24ee6b2997fc89cf4aafd8d6ca37",
                "sha256:5aa4ddfd88db1ee7fa3a5902b7393d0746635c6d7dd2b5003be07a6f84758542",
                "sha256:5bac5e9095d0cecf22c4b903456fb2805953a75914a8025829fc72512b4cda77",
                "sha256:5d5b34aeee93a3cb8933d474305232b5fb59cec01638e055df01822aadb30015",
                "sha256:5f5408235b3c2e7fde78123514af65136ece2d5e43983e7cb1ca202f090c56a3",
                "sha256:61a1084571e666e4933a00eef3c9f031516afbcaa28dd8b9a7358537676a774e",
                "sha256:643c8208e4f902acbf000b093c1c8e66d3baa627aeb36864a9b35a4a1fc98120",
                "sha256:69bf44b615d667a944fe0ead80961a51035c23c5a70a4ff9008ad712d8b94fe7",
                "sha256:6c3c25b0d8bb17dc5e0e1c6d5bf8f38b8d7e5314757a30c3704d25dcfe1326ba",
                "sha256:75c14788cd499dcb13c92c6ff14c82559a7d20f9ce785de4b34677daa07d5f65",
                "sha256:7a666aeaba45a6b90afb84626ea105716ec7b5ed90b52ce78760a348e4853cbd",
                "sha256:7a93af03cf648cc156669336960668ec6b0b741971fbeb3e5c3ee8f52f350fef",
                "sha256:7efb9d5fcc5659456247f6759eaec0bb80ad9682d8fca6a8b4127db6b37a110f",
                "sha256:7f1b22225eeec61f2cd23af9649df7fa76587916e647f1243eb34d14973d4208",
                "sha256:7f980d46e32c3bf229e629e5d7613b311527559365d0239a29c95c18507b2aa2",
                "sha256:84b002ad9bc0b182ec9bad4f0d8a9baab1c9e8912855283540f7acf428763f2a",
                "sha256:8a2ed150be6f545b15dd8df500b7f83fb6a558f3e897b44a1cf8d6b32824ff58",
                "sha256:8d8028564af4efc5c4e7e174e8db3de0d8af971b2be13273655ada55fc73583d",
                "sha256:8da05f4ba4b41aa20ff422c21eeef317d74b935feb98f049c26f30ecb1ce9841",
                "sha256:8e54ba1b97429acfde3bebe4695882cc4923aca5aa341b283c09bb58c6c63341",
                "sha256:8e76c13571be1ae01700aafae66ac67fa7e7d3fef3342ca4aea9622d1a58c8f1",
                "sha256:91aa4f1a6e63c15a11123ee2688dc5c374224fde9d7accb1d7753f69df7190db",
                "sha256:9256609fd6a099ec57e6ebda4db5c630d51d58cf05b0e4071348ee17e73dcb83",
                "sha256:9b981dd7dbba9fc49507f8bd3566edea310f303b17bb792ab8f32d775a9c2cef",
                "sha256:9e6ebeef5d537be9f8da8022e6fe2a51fb2f7d0ea193bacf77e91ad84719e741",
                "sha256:9ee691d2eb0ae0d24b4460a6cb313fd24eed987970e2e356c9c303eb6925c847",
                "sha256:9fa2d024b9879fe1ec9fe32e841541746b5588561c77fc0e1da60dd37c788aaa",
                "sha256:a288b62455395d63e1fcd79ecc53a950e220c32b9315e2b5fb6a84295404d24a",
                "sha256:a3e3bade9dac81b9808c67be3147729c425a42f6ccc52fd15b0448d16f42524f",
                "sha256:a6236773a9ae080161c65daaef4b7f7d6a96f4c6a1d7257c0f09bcca20181ebf",
                "sha256:a8c671cb14e95ba9bb53bfaf979eec4d2404cdbb92d1c85318d5d801aa660eb3",
                "sha256:a931b7bc192ff78a4fdf2b0b3cad449b6b1bfb4d87a34caed5b2d118a4f9588e",
                "sha256:a970f8f1b1976cc5772f576951593a23c6de91f5138a707dab034b31f123daed",
                "sha256:ab309d67a33df6f54b20d39a3c46548a6320fc4bd4a1ffdc6639ea80964ffd50",
                "sha256:aba85d34f292ca7dcdf2b1d6dc9bf2d5a6531e37c1023b1101734a5fe1d7acfc",
                "sha256:ac86088b8d5ca14326aa9848ce1db3a472b6259db00359ee5ce04b0e45dfff55",
                "sha256:af3c1e6de587343c6ec9a60c74692b2c05ddbd213c4aad4363d9b090778b6887",
                "sha256:b69189b5a30df95533ccecb548644816ba9e11a6b03876fb843825e47d11cc5b",
                "sha256:b6b552d64e06b267aff1de161d8e13627d788340f47d9430c21514a8e4425b2b",
                "sha256:b6da0f9fa3e744ec32ab97b74ae8d8f94b6ec62b8068f016d008a85d28d35bf5",
                "sha256:bad62f8781a1b164744caa212659158fcfd324bcf1fa95b91203213d9de36de5",
                "sha256:bd6b662a97ec959c41612a9fd75a7dddc87ae6149915b73f42262d6574ba2864",
                "sha256:c09e5a1cb214a23f9c4e1c3d6c59f7929fff31f04412e0c33ba00bbee1e17cd6",
                "sha256:c47e84cd84554d08a718e3be968ff77ede2bec9b60f6d7f62a482652185a34c3",
                "sha256:c86665d0c719624ba759b228fd676abc98034af07e9161b4f79ba7224b236535",
                "sha256:c95bfec0e8be949919bae492dd06c7fa56907f7bc2470882c0ad84e1daa57f49",
                "sha256:cb254e3f2b735a771086c37d56f95724c2ba213e1dc162c13cd96e4c43d0f411",
                "sha256:dac4a8605cd4df7a880f879f2707c9f2b54c9eaf337ae26b92a5959237c7412d",
                "sha256:dceb35671006c54a13f8d108ce631009cb0e9f1f5bec468444b2499ee71cecbb",
                "sha256:ddc8125d624fa6f017a2ce89844f1fa83a4b2be6d4321588512dbdb3dfe0efc7",
                "sha256:e2b1487bcbfdf8367649331bad83a9426c0784fc854835130e22a8cc4ec6904e",
                "sha256:e3a441fa4a2a495a25075ebac0cae695de562ba0184b7b72d99c27cd4c1a8dc3",
                "sha256:e560590794657061254c3275e4187e4caeb44890ff15dd289e6c9a0aa33c70cc",
                "sha256:e5ecc76695a5e2a291f743a1a1c0f4258bf9f8b1300c89989340583ced6c9a5d",
                "sha256:e79616209da67af466fc25bab422423e3112ccdbdb01f4ccd1c226df12577818",
                "sha256:e82d17d66d2d6ce24bd08d6190f66344d4d5dd0ded0c77b3d6368935c1817c6a",
                "sha256:e87b98df1faa1dd17f03e8474a1cd4639c53341cf5c5c3a0ee61201eed39cd27",
                "sha256:e9003e249fb1b43cc8da6ef1538e790b0877d39db5074af960b886f52dd634c3",
                "sha256:e9c253088a42177d7102ce80ced94d79828ce81a74cd559e8a2cffc5625d0f50",
                "sha256:ebda00d728b20804a8664162256e0fbe1ac7b32288a44957895d5cdae7e3cdba",
                "sha256:ec93e61c157f9b74da4e2c8aafbb66ff7a006fd8976afa4a1a0e408ccb64cd2f",
                "sha256:ede16e3c1a396f6c13cfc16ea31be84ca258c8413d78160b724dba8e5d571603",
                "sha256:ef9e11a92410b8460b6510708a2c4268bc9f4ac64074670f3c12162f9b2e89e5",
                "sha256:f0a0c68652e3b0e5f7f5aa2b1c7f4f9fb94cbc1ff1e67a4328abe806fbdee803",
                "sha256:f15079c43a2883eadad1707fcdebb09b9fbd3290f7abc6ad5328b08f0258e7be",
                "sha256:f6c49f5b09f0a466f42607326fe5132b10ebfef5c0d8f6c621d1cc637aaff36d",
                "sha256:f781704485f3a61f01e50d3cbd8aef74a749fed716f1b49eb8ec3f0649e506e4",
                "sha256:f8f6a37f7f725eec501d3df467403ec8e8ec1cfc3f45757c6181ebbc91e8e985",
                "sha256:f9994550e0e897c7d12d33c8e955fe014888dfeff30f8bc37bf4e2cdf09898e2",
                "sha256:faebf5d7e3e135f5e9960045d076fad7f12750c271b9cd42e1b9679216f3ae30",
                "sha256:fb73a3ce77e1c65b0ebf2c3f38d2791e79150b8d94cfe1330b6bd55272065271",
                "sha256:fc154452f372b8e3fcc07a4cfa00931dc7e1dab4ea9498a92caf6b288d9ddc9f"
            ],
            "index": "pypi",
            "markers": "python_version >= '3.9'",
            "version": "==0.15.3"
        },
        "pyserial": {
            "hashes": [
                "sha256:3c77e014170dfffbd816e6ffc205e9842efb10be9f58ec16d3e8675b4925cddb",
                "sha256:c4451db6ba391ca6ca299fb3ec7bae67a5c55dde170964c7a14ceefec02f2cf0"
            ],
            "index": "pypi",
            "version": "==3.5"
        }
    },
    "develop": {}
}
